
Microsoft Visual Studio Solution File, Format Version 12.00
# Visual Studio Version 16
VisualStudioVersion = 16.0.30621.155
MinimumVisualStudioVersion = 10.0.40219.1
Project("{9A19103F-16F7-4668-BE54-9A1E7A4F7556}") = "BE", "BE\BE.csproj", "{3B887804-BCD1-49DD-BC5C-108CED08B432}"
EndProject
Project("{9A19103F-16F7-4668-BE54-9A1E7A4F7556}") = "BL", "BL\BL.csproj", "{30127971-CD20-4C46-AE0E-D495C8DB9461}"
EndProject
Project("{FAE04EC0-301F-11D3-BF4B-00C04F79EFBC}") = "TEST", "TEST\TEST.csproj", "{261C99CA-985F-41AE-A1E5-26BA3164CDAB}"
EndProject
Project("{9A19103F-16F7-4668-BE54-9A1E7A4F7556}") = "DAL", "DAL\DAL.csproj", "{6EEC766F-48B3-4034-A62C-66CF66166B9D}"
EndProject
Project("{FAE04EC0-301F-11D3-BF4B-00C04F79EFBC}") = "PL", "PL\PL.csproj", "{58FC46D1-2EC5-44C0-99BE-41FC83E518F6}"
EndProject
Global
	GlobalSection(SolutionConfigurationPlatforms) = preSolution
		Debug|Any CPU = Debug|Any CPU
		Release|Any CPU = Release|Any CPU
	EndGlobalSection
	GlobalSection(ProjectConfigurationPlatforms) = postSolution
		{3B887804-BCD1-49DD-BC5C-108CED08B432}.Debug|Any CPU.ActiveCfg = Debug|Any CPU
		{3B887804-BCD1-49DD-BC5C-108CED08B432}.Debug|Any CPU.Build.0 = Debug|Any CPU
		{3B887804-BCD1-49DD-BC5C-108CED08B432}.Release|Any CPU.ActiveCfg = Release|Any CPU
		{3B887804-BCD1-49DD-BC5C-108CED08B432}.Release|Any CPU.Build.0 = Release|Any CPU
		{30127971-CD20-4C46-AE0E-D495C8DB9461}.Debug|Any CPU.ActiveCfg = Debug|Any CPU
		{30127971-CD20-4C46-AE0E-D495C8DB9461}.Debug|Any CPU.Build.0 = Debug|Any CPU
		{30127971-CD20-4C46-AE0E-D495C8DB9461}.Release|Any CPU.ActiveCfg = Release|Any CPU
		{30127971-CD20-4C46-AE0E-D495C8DB9461}.Release|Any CPU.Build.0 = Release|Any CPU
		{261C99CA-985F-41AE-A1E5-26BA3164CDAB}.Debug|Any CPU.ActiveCfg = Debug|Any CPU
		{261C99CA-985F-41AE-A1E5-26BA3164CDAB}.Debug|Any CPU.Build.0 = Debug|Any CPU
		{261C99CA-985F-41AE-A1E5-26BA3164CDAB}.Release|Any CPU.ActiveCfg = Release|Any CPU
		{261C99CA-985F-41AE-A1E5-26BA3164CDAB}.Release|Any CPU.Build.0 = Release|Any CPU
		{6EEC766F-48B3-4034-A62C-66CF66166B9D}.Debug|Any CPU.ActiveCfg = Debug|Any CPU
		{6EEC766F-48B3-4034-A62C-66CF66166B9D}.Debug|Any CPU.Build.0 = Debug|Any CPU
		{6EEC766F-48B3-4034-A62C-66CF66166B9D}.Release|Any CPU.ActiveCfg = Release|Any CPU
		{6EEC766F-48B3-4034-A62C-66CF66166B9D}.Release|Any CPU.Build.0 = Release|Any CPU
		{58FC46D1-2EC5-44C0-99BE-41FC83E518F6}.Debug|Any CPU.ActiveCfg = Debug|Any CPU
		{58FC46D1-2EC5-44C0-99BE-41FC83E518F6}.Debug|Any CPU.Build.0 = Debug|Any CPU
		{58FC46D1-2EC5-44C0-99BE-41FC83E518F6}.Release|Any CPU.ActiveCfg = Release|Any CPU
		{58FC46D1-2EC5-44C0-99BE-41FC83E518F6}.Release|Any CPU.Build.0 = Release|Any CPU
	EndGlobalSection
	GlobalSection(SolutionProperties) = preSolution
		HideSolutionNode = FALSE
	EndGlobalSection
	GlobalSection(ExtensibilityGlobals) = postSolution
		SolutionGuid = {E369CCAD-9745-47FD-B924-14A265E705BD}
	EndGlobalSection
EndGlobal
