
Microsoft Visual Studio Solution File, Format Version 12.00
# Visual Studio Version 16
VisualStudioVersion = 16.0.30621.155
MinimumVisualStudioVersion = 10.0.40219.1
Project("{FAE04EC0-301F-11D3-BF4B-00C04F79EFBC}") = "PLApp", "PLApp\PLApp.csproj", "{29A43E10-0A20-4133-913A-D0537665BD05}"
EndProject
Project("{FAE04EC0-301F-11D3-BF4B-00C04F79EFBC}") = "TEST", "TEST\TEST.csproj", "{261C99CA-985F-41AE-A1E5-26BA3164CDAB}"
EndProject
Project("{FAE04EC0-301F-11D3-BF4B-00C04F79EFBC}") = "DAL", "DAL\DAL.csproj", "{6DEA5A91-6E15-48C3-AADD-2DB7D071026A}"
EndProject
Project("{FAE04EC0-301F-11D3-BF4B-00C04F79EFBC}") = "BL", "BL\BL.csproj", "{E08C08A3-3C04-46D8-A2D7-6FEE1516CD2E}"
EndProject
Project("{FAE04EC0-301F-11D3-BF4B-00C04F79EFBC}") = "BE", "BE\BE.csproj", "{F1F9CCF8-E7A7-41E6-8713-439B1AD7C101}"
EndProject
Global
	GlobalSection(SolutionConfigurationPlatforms) = preSolution
		Debug|Any CPU = Debug|Any CPU
		Debug|arm64 = Debug|arm64
		Debug|x64 = Debug|x64
		Debug|x86 = Debug|x86
		Release|Any CPU = Release|Any CPU
		Release|arm64 = Release|arm64
		Release|x64 = Release|x64
		Release|x86 = Release|x86
	EndGlobalSection
	GlobalSection(ProjectConfigurationPlatforms) = postSolution
		{29A43E10-0A20-4133-913A-D0537665BD05}.Debug|Any CPU.ActiveCfg = Debug|Any CPU
		{29A43E10-0A20-4133-913A-D0537665BD05}.Debug|Any CPU.Build.0 = Debug|Any CPU
		{29A43E10-0A20-4133-913A-D0537665BD05}.Debug|arm64.ActiveCfg = Debug|Any CPU
		{29A43E10-0A20-4133-913A-D0537665BD05}.Debug|arm64.Build.0 = Debug|Any CPU
		{29A43E10-0A20-4133-913A-D0537665BD05}.Debug|x64.ActiveCfg = Debug|Any CPU
		{29A43E10-0A20-4133-913A-D0537665BD05}.Debug|x64.Build.0 = Debug|Any CPU
		{29A43E10-0A20-4133-913A-D0537665BD05}.Debug|x86.ActiveCfg = Debug|Any CPU
		{29A43E10-0A20-4133-913A-D0537665BD05}.Debug|x86.Build.0 = Debug|Any CPU
		{29A43E10-0A20-4133-913A-D0537665BD05}.Release|Any CPU.ActiveCfg = Release|Any CPU
		{29A43E10-0A20-4133-913A-D0537665BD05}.Release|Any CPU.Build.0 = Release|Any CPU
		{29A43E10-0A20-4133-913A-D0537665BD05}.Release|arm64.ActiveCfg = Release|Any CPU
		{29A43E10-0A20-4133-913A-D0537665BD05}.Release|arm64.Build.0 = Release|Any CPU
		{29A43E10-0A20-4133-913A-D0537665BD05}.Release|x64.ActiveCfg = Release|Any CPU
		{29A43E10-0A20-4133-913A-D0537665BD05}.Release|x64.Build.0 = Release|Any CPU
		{29A43E10-0A20-4133-913A-D0537665BD05}.Release|x86.ActiveCfg = Release|Any CPU
		{29A43E10-0A20-4133-913A-D0537665BD05}.Release|x86.Build.0 = Release|Any CPU
		{261C99CA-985F-41AE-A1E5-26BA3164CDAB}.Debug|Any CPU.ActiveCfg = Debug|Any CPU
		{261C99CA-985F-41AE-A1E5-26BA3164CDAB}.Debug|Any CPU.Build.0 = Debug|Any CPU
		{261C99CA-985F-41AE-A1E5-26BA3164CDAB}.Debug|arm64.ActiveCfg = Debug|Any CPU
		{261C99CA-985F-41AE-A1E5-26BA3164CDAB}.Debug|arm64.Build.0 = Debug|Any CPU
		{261C99CA-985F-41AE-A1E5-26BA3164CDAB}.Debug|x64.ActiveCfg = Debug|Any CPU
		{261C99CA-985F-41AE-A1E5-26BA3164CDAB}.Debug|x64.Build.0 = Debug|Any CPU
		{261C99CA-985F-41AE-A1E5-26BA3164CDAB}.Debug|x86.ActiveCfg = Debug|Any CPU
		{261C99CA-985F-41AE-A1E5-26BA3164CDAB}.Debug|x86.Build.0 = Debug|Any CPU
		{261C99CA-985F-41AE-A1E5-26BA3164CDAB}.Release|Any CPU.ActiveCfg = Release|Any CPU
		{261C99CA-985F-41AE-A1E5-26BA3164CDAB}.Release|Any CPU.Build.0 = Release|Any CPU
		{261C99CA-985F-41AE-A1E5-26BA3164CDAB}.Release|arm64.ActiveCfg = Release|Any CPU
		{261C99CA-985F-41AE-A1E5-26BA3164CDAB}.Release|arm64.Build.0 = Release|Any CPU
		{261C99CA-985F-41AE-A1E5-26BA3164CDAB}.Release|x64.ActiveCfg = Release|Any CPU
		{261C99CA-985F-41AE-A1E5-26BA3164CDAB}.Release|x64.Build.0 = Release|Any CPU
		{261C99CA-985F-41AE-A1E5-26BA3164CDAB}.Release|x86.ActiveCfg = Release|Any CPU
		{261C99CA-985F-41AE-A1E5-26BA3164CDAB}.Release|x86.Build.0 = Release|Any CPU
		{6DEA5A91-6E15-48C3-AADD-2DB7D071026A}.Debug|Any CPU.ActiveCfg = Debug|Any CPU
		{6DEA5A91-6E15-48C3-AADD-2DB7D071026A}.Debug|Any CPU.Build.0 = Debug|Any CPU
		{6DEA5A91-6E15-48C3-AADD-2DB7D071026A}.Debug|arm64.ActiveCfg = Debug|Any CPU
		{6DEA5A91-6E15-48C3-AADD-2DB7D071026A}.Debug|arm64.Build.0 = Debug|Any CPU
		{6DEA5A91-6E15-48C3-AADD-2DB7D071026A}.Debug|x64.ActiveCfg = Debug|Any CPU
		{6DEA5A91-6E15-48C3-AADD-2DB7D071026A}.Debug|x64.Build.0 = Debug|Any CPU
		{6DEA5A91-6E15-48C3-AADD-2DB7D071026A}.Debug|x86.ActiveCfg = Debug|Any CPU
		{6DEA5A91-6E15-48C3-AADD-2DB7D071026A}.Debug|x86.Build.0 = Debug|Any CPU
		{6DEA5A91-6E15-48C3-AADD-2DB7D071026A}.Release|Any CPU.ActiveCfg = Release|Any CPU
		{6DEA5A91-6E15-48C3-AADD-2DB7D071026A}.Release|Any CPU.Build.0 = Release|Any CPU
		{6DEA5A91-6E15-48C3-AADD-2DB7D071026A}.Release|arm64.ActiveCfg = Release|Any CPU
		{6DEA5A91-6E15-48C3-AADD-2DB7D071026A}.Release|arm64.Build.0 = Release|Any CPU
		{6DEA5A91-6E15-48C3-AADD-2DB7D071026A}.Release|x64.ActiveCfg = Release|Any CPU
		{6DEA5A91-6E15-48C3-AADD-2DB7D071026A}.Release|x64.Build.0 = Release|Any CPU
		{6DEA5A91-6E15-48C3-AADD-2DB7D071026A}.Release|x86.ActiveCfg = Release|Any CPU
		{6DEA5A91-6E15-48C3-AADD-2DB7D071026A}.Release|x86.Build.0 = Release|Any CPU
		{E08C08A3-3C04-46D8-A2D7-6FEE1516CD2E}.Debug|Any CPU.ActiveCfg = Debug|Any CPU
		{E08C08A3-3C04-46D8-A2D7-6FEE1516CD2E}.Debug|Any CPU.Build.0 = Debug|Any CPU
		{E08C08A3-3C04-46D8-A2D7-6FEE1516CD2E}.Debug|arm64.ActiveCfg = Debug|Any CPU
		{E08C08A3-3C04-46D8-A2D7-6FEE1516CD2E}.Debug|arm64.Build.0 = Debug|Any CPU
		{E08C08A3-3C04-46D8-A2D7-6FEE1516CD2E}.Debug|x64.ActiveCfg = Debug|Any CPU
		{E08C08A3-3C04-46D8-A2D7-6FEE1516CD2E}.Debug|x64.Build.0 = Debug|Any CPU
		{E08C08A3-3C04-46D8-A2D7-6FEE1516CD2E}.Debug|x86.ActiveCfg = Debug|Any CPU
		{E08C08A3-3C04-46D8-A2D7-6FEE1516CD2E}.Debug|x86.Build.0 = Debug|Any CPU
		{E08C08A3-3C04-46D8-A2D7-6FEE1516CD2E}.Release|Any CPU.ActiveCfg = Release|Any CPU
		{E08C08A3-3C04-46D8-A2D7-6FEE1516CD2E}.Release|Any CPU.Build.0 = Release|Any CPU
		{E08C08A3-3C04-46D8-A2D7-6FEE1516CD2E}.Release|arm64.ActiveCfg = Release|Any CPU
		{E08C08A3-3C04-46D8-A2D7-6FEE1516CD2E}.Release|arm64.Build.0 = Release|Any CPU
		{E08C08A3-3C04-46D8-A2D7-6FEE1516CD2E}.Release|x64.ActiveCfg = Release|Any CPU
		{E08C08A3-3C04-46D8-A2D7-6FEE1516CD2E}.Release|x64.Build.0 = Release|Any CPU
		{E08C08A3-3C04-46D8-A2D7-6FEE1516CD2E}.Release|x86.ActiveCfg = Release|Any CPU
		{E08C08A3-3C04-46D8-A2D7-6FEE1516CD2E}.Release|x86.Build.0 = Release|Any CPU
		{F1F9CCF8-E7A7-41E6-8713-439B1AD7C101}.Debug|Any CPU.ActiveCfg = Debug|Any CPU
		{F1F9CCF8-E7A7-41E6-8713-439B1AD7C101}.Debug|Any CPU.Build.0 = Debug|Any CPU
		{F1F9CCF8-E7A7-41E6-8713-439B1AD7C101}.Debug|arm64.ActiveCfg = Debug|Any CPU
		{F1F9CCF8-E7A7-41E6-8713-439B1AD7C101}.Debug|arm64.Build.0 = Debug|Any CPU
		{F1F9CCF8-E7A7-41E6-8713-439B1AD7C101}.Debug|x64.ActiveCfg = Debug|Any CPU
		{F1F9CCF8-E7A7-41E6-8713-439B1AD7C101}.Debug|x64.Build.0 = Debug|Any CPU
		{F1F9CCF8-E7A7-41E6-8713-439B1AD7C101}.Debug|x86.ActiveCfg = Debug|Any CPU
		{F1F9CCF8-E7A7-41E6-8713-439B1AD7C101}.Debug|x86.Build.0 = Debug|Any CPU
		{F1F9CCF8-E7A7-41E6-8713-439B1AD7C101}.Release|Any CPU.ActiveCfg = Release|Any CPU
		{F1F9CCF8-E7A7-41E6-8713-439B1AD7C101}.Release|Any CPU.Build.0 = Release|Any CPU
		{F1F9CCF8-E7A7-41E6-8713-439B1AD7C101}.Release|arm64.ActiveCfg = Release|Any CPU
		{F1F9CCF8-E7A7-41E6-8713-439B1AD7C101}.Release|arm64.Build.0 = Release|Any CPU
		{F1F9CCF8-E7A7-41E6-8713-439B1AD7C101}.Release|x64.ActiveCfg = Release|Any CPU
		{F1F9CCF8-E7A7-41E6-8713-439B1AD7C101}.Release|x64.Build.0 = Release|Any CPU
		{F1F9CCF8-E7A7-41E6-8713-439B1AD7C101}.Release|x86.ActiveCfg = Release|Any CPU
		{F1F9CCF8-E7A7-41E6-8713-439B1AD7C101}.Release|x86.Build.0 = Release|Any CPU
	EndGlobalSection
	GlobalSection(SolutionProperties) = preSolution
		HideSolutionNode = FALSE
	EndGlobalSection
	GlobalSection(ExtensibilityGlobals) = postSolution
		SolutionGuid = {E369CCAD-9745-47FD-B924-14A265E705BD}
	EndGlobalSection
EndGlobal
