
Microsoft Visual Studio Solution File, Format Version 12.00
# Visual Studio Version 16
VisualStudioVersion = 16.0.30621.155
MinimumVisualStudioVersion = 10.0.40219.1
Project("{FAE04EC0-301F-11D3-BF4B-00C04F79EFBC}") = "PLWPF", "PLWPF\PLWPF.csproj", "{B3690505-F3DE-4DE8-8ACE-E930D16F14DF}"
EndProject
Project("{9A19103F-16F7-4668-BE54-9A1E7A4F7556}") = "BE", "BE\BE.csproj", "{3B887804-BCD1-49DD-BC5C-108CED08B432}"
EndProject
Project("{9A19103F-16F7-4668-BE54-9A1E7A4F7556}") = "BL", "BL\BL.csproj", "{30127971-CD20-4C46-AE0E-D495C8DB9461}"
EndProject
Project("{FAE04EC0-301F-11D3-BF4B-00C04F79EFBC}") = "DAL", "DAL\DAL.csproj", "{23D67655-6DE2-4487-8EE8-DC27A9BD7B6D}"
EndProject
Project("{FAE04EC0-301F-11D3-BF4B-00C04F79EFBC}") = "Tests", "Tests\Tests.csproj", "{54526BF6-E903-4619-8FCB-F20844F97E4E}"
EndProject
Global
	GlobalSection(SolutionConfigurationPlatforms) = preSolution
		Debug|Any CPU = Debug|Any CPU
		Release|Any CPU = Release|Any CPU
	EndGlobalSection
	GlobalSection(ProjectConfigurationPlatforms) = postSolution
		{B3690505-F3DE-4DE8-8ACE-E930D16F14DF}.Debug|Any CPU.ActiveCfg = Debug|Any CPU
		{B3690505-F3DE-4DE8-8ACE-E930D16F14DF}.Debug|Any CPU.Build.0 = Debug|Any CPU
		{B3690505-F3DE-4DE8-8ACE-E930D16F14DF}.Release|Any CPU.ActiveCfg = Release|Any CPU
		{B3690505-F3DE-4DE8-8ACE-E930D16F14DF}.Release|Any CPU.Build.0 = Release|Any CPU
		{3B887804-BCD1-49DD-BC5C-108CED08B432}.Debug|Any CPU.ActiveCfg = Debug|Any CPU
		{3B887804-BCD1-49DD-BC5C-108CED08B432}.Debug|Any CPU.Build.0 = Debug|Any CPU
		{3B887804-BCD1-49DD-BC5C-108CED08B432}.Release|Any CPU.ActiveCfg = Release|Any CPU
		{3B887804-BCD1-49DD-BC5C-108CED08B432}.Release|Any CPU.Build.0 = Release|Any CPU
		{30127971-CD20-4C46-AE0E-D495C8DB9461}.Debug|Any CPU.ActiveCfg = Debug|Any CPU
		{30127971-CD20-4C46-AE0E-D495C8DB9461}.Debug|Any CPU.Build.0 = Debug|Any CPU
		{30127971-CD20-4C46-AE0E-D495C8DB9461}.Release|Any CPU.ActiveCfg = Release|Any CPU
		{30127971-CD20-4C46-AE0E-D495C8DB9461}.Release|Any CPU.Build.0 = Release|Any CPU
		{23D67655-6DE2-4487-8EE8-DC27A9BD7B6D}.Debug|Any CPU.ActiveCfg = Debug|Any CPU
		{23D67655-6DE2-4487-8EE8-DC27A9BD7B6D}.Debug|Any CPU.Build.0 = Debug|Any CPU
		{23D67655-6DE2-4487-8EE8-DC27A9BD7B6D}.Release|Any CPU.ActiveCfg = Release|Any CPU
		{23D67655-6DE2-4487-8EE8-DC27A9BD7B6D}.Release|Any CPU.Build.0 = Release|Any CPU
		{54526BF6-E903-4619-8FCB-F20844F97E4E}.Debug|Any CPU.ActiveCfg = Debug|Any CPU
		{54526BF6-E903-4619-8FCB-F20844F97E4E}.Debug|Any CPU.Build.0 = Debug|Any CPU
		{54526BF6-E903-4619-8FCB-F20844F97E4E}.Release|Any CPU.ActiveCfg = Release|Any CPU
		{54526BF6-E903-4619-8FCB-F20844F97E4E}.Release|Any CPU.Build.0 = Release|Any CPU
	EndGlobalSection
	GlobalSection(SolutionProperties) = preSolution
		HideSolutionNode = FALSE
	EndGlobalSection
	GlobalSection(ExtensibilityGlobals) = postSolution
		SolutionGuid = {E369CCAD-9745-47FD-B924-14A265E705BD}
	EndGlobalSection
EndGlobal
